{
  "name": "cloudmanagepro-publisher-generator",
  "version": "0.1.0",
  "lockfileVersion": 3,
  "requires": true,
  "packages": {
    "": {
      "name": "cloudmanagepro-publisher-generator",
      "version": "0.1.0",
      "dependencies": {
        "gray-matter": "^4.0.3",
        "jsdom": "^22.0.0",
        "marked": "^9.0.0",
        "mustache": "^4.2.0",
        "xml2js": "^0.4.23"
      },
      "engines": {
        "node": ">=24"
      }
    },
    "node_modules/xml2js": {
      "version": "0.4.23",
      "resolved": "https://registry.npmjs.org/xml2js/-/xml2js-0.4.23.tgz",
      "integrity": "sha512-PLACEHOLDER",
      "dependencies": {
        "sax": "^1.2.4"
      }
    },
    "node_modules/sax": {
      "version": "1.2.4",
      "resolved": "https://registry.npmjs.org/sax/-/sax-1.2.4.tgz",
      "integrity": "sha512-PLACEHOLDER"
    }
  }
}
